
Microsoft Visual Studio Solution File, Format Version 12.00
# Visual Studio Version 16
VisualStudioVersion = 16.0.31613.86
MinimumVisualStudioVersion = 10.0.40219.1
Project("{9A19103F-16F7-4668-BE54-9A1E7A4F7556}") = "Domain", "Domain\Domain.csproj", "{9FFE40BA-8A3C-4841-AFDD-C82940B3FF94}"
EndProject
Project("{2150E333-8FDC-42A3-9474-1A3956D46DE8}") = "src", "src", "{CD7FC6FE-3CA3-490A-9225-AF59E9504F6F}"
EndProject
Project("{2150E333-8FDC-42A3-9474-1A3956D46DE8}") = "tests", "tests", "{0819B66D-C8FA-47D9-BC19-9A80D1D39D1B}"
EndProject
Project("{9A19103F-16F7-4668-BE54-9A1E7A4F7556}") = "Domain.Test", "Domain.Test\Domain.Test.csproj", "{4676ACA6-CF46-4578-8609-2F0C165E7231}"
EndProject
Project("{9A19103F-16F7-4668-BE54-9A1E7A4F7556}") = "Infraestructure", "Infraestructure\Infraestructure.csproj", "{BFA00583-B83A-483F-B440-09EDAB42A563}"
EndProject
Project("{9A19103F-16F7-4668-BE54-9A1E7A4F7556}") = "WebApplication", "WebApplication\WebApplication.csproj", "{0C80FDCF-C30C-4BF6-9939-B35819DF89B2}"
EndProject
Project("{FAE04EC0-301F-11D3-BF4B-00C04F79EFBC}") = "Application", "Application\Application.csproj", "{0BDF17DE-BB89-4420-85AF-3DB37AFA7521}"
EndProject
Global
	GlobalSection(SolutionConfigurationPlatforms) = preSolution
		Debug|Any CPU = Debug|Any CPU
		Release|Any CPU = Release|Any CPU
	EndGlobalSection
	GlobalSection(ProjectConfigurationPlatforms) = postSolution
		{9FFE40BA-8A3C-4841-AFDD-C82940B3FF94}.Debug|Any CPU.ActiveCfg = Debug|Any CPU
		{9FFE40BA-8A3C-4841-AFDD-C82940B3FF94}.Debug|Any CPU.Build.0 = Debug|Any CPU
		{9FFE40BA-8A3C-4841-AFDD-C82940B3FF94}.Release|Any CPU.ActiveCfg = Release|Any CPU
		{9FFE40BA-8A3C-4841-AFDD-C82940B3FF94}.Release|Any CPU.Build.0 = Release|Any CPU
		{4676ACA6-CF46-4578-8609-2F0C165E7231}.Debug|Any CPU.ActiveCfg = Debug|Any CPU
		{4676ACA6-CF46-4578-8609-2F0C165E7231}.Debug|Any CPU.Build.0 = Debug|Any CPU
		{4676ACA6-CF46-4578-8609-2F0C165E7231}.Release|Any CPU.ActiveCfg = Release|Any CPU
		{4676ACA6-CF46-4578-8609-2F0C165E7231}.Release|Any CPU.Build.0 = Release|Any CPU
		{BFA00583-B83A-483F-B440-09EDAB42A563}.Debug|Any CPU.ActiveCfg = Debug|Any CPU
		{BFA00583-B83A-483F-B440-09EDAB42A563}.Debug|Any CPU.Build.0 = Debug|Any CPU
		{BFA00583-B83A-483F-B440-09EDAB42A563}.Release|Any CPU.ActiveCfg = Release|Any CPU
		{BFA00583-B83A-483F-B440-09EDAB42A563}.Release|Any CPU.Build.0 = Release|Any CPU
		{0C80FDCF-C30C-4BF6-9939-B35819DF89B2}.Debug|Any CPU.ActiveCfg = Debug|Any CPU
		{0C80FDCF-C30C-4BF6-9939-B35819DF89B2}.Debug|Any CPU.Build.0 = Debug|Any CPU
		{0C80FDCF-C30C-4BF6-9939-B35819DF89B2}.Release|Any CPU.ActiveCfg = Release|Any CPU
		{0C80FDCF-C30C-4BF6-9939-B35819DF89B2}.Release|Any CPU.Build.0 = Release|Any CPU
		{0BDF17DE-BB89-4420-85AF-3DB37AFA7521}.Debug|Any CPU.ActiveCfg = Debug|Any CPU
		{0BDF17DE-BB89-4420-85AF-3DB37AFA7521}.Debug|Any CPU.Build.0 = Debug|Any CPU
		{0BDF17DE-BB89-4420-85AF-3DB37AFA7521}.Release|Any CPU.ActiveCfg = Release|Any CPU
		{0BDF17DE-BB89-4420-85AF-3DB37AFA7521}.Release|Any CPU.Build.0 = Release|Any CPU
	EndGlobalSection
	GlobalSection(SolutionProperties) = preSolution
		HideSolutionNode = FALSE
	EndGlobalSection
	GlobalSection(NestedProjects) = preSolution
		{9FFE40BA-8A3C-4841-AFDD-C82940B3FF94} = {CD7FC6FE-3CA3-490A-9225-AF59E9504F6F}
		{4676ACA6-CF46-4578-8609-2F0C165E7231} = {0819B66D-C8FA-47D9-BC19-9A80D1D39D1B}
		{BFA00583-B83A-483F-B440-09EDAB42A563} = {CD7FC6FE-3CA3-490A-9225-AF59E9504F6F}
		{0C80FDCF-C30C-4BF6-9939-B35819DF89B2} = {CD7FC6FE-3CA3-490A-9225-AF59E9504F6F}
		{0BDF17DE-BB89-4420-85AF-3DB37AFA7521} = {CD7FC6FE-3CA3-490A-9225-AF59E9504F6F}
	EndGlobalSection
	GlobalSection(ExtensibilityGlobals) = postSolution
		SolutionGuid = {60E42FFE-326A-4D58-BE1D-4F1CB20A60F0}
	EndGlobalSection
EndGlobal
